{
  "lockfile_version": "1",
  "packages": {
    "bundler@2.6": {
      "last_modified": "2025-07-28T17:09:23Z",
      "resolved": "github:NixOS/nixpkgs/648f70160c03151bc2121d179291337ad6bc564b#bundler",
      "source": "devbox-search",
      "version": "2.6.9",
      "systems": {
        "aarch64-darwin": {
          "outputs": [
            {
              "name": "out",
              "path": "/nix/store/88yl4b72cxsf254sfk2dn88kf5fv19ml-bundler-2.6.9",
              "default": true
            }
          ],
          "store_path": "/nix/store/88yl4b72cxsf254sfk2dn88kf5fv19ml-bundler-2.6.9"
        },
        "aarch64-linux": {
          "outputs": [
            {
              "name": "out",
              "path": "/nix/store/hy6rybhimf4g5zfdl6nrwpvxn9hal7bl-bundler-2.6.9",
              "default": true
            }
          ],
          "store_path": "/nix/store/hy6rybhimf4g5zfdl6nrwpvxn9hal7bl-bundler-2.6.9"
        },
        "x86_64-darwin": {
          "outputs": [
            {
              "name": "out",
              "path": "/nix/store/nkqfcfhx5sy6vq0yxixx8glfwbvnrvwa-bundler-2.6.9",
              "default": true
            }
          ],
          "store_path": "/nix/store/nkqfcfhx5sy6vq0yxixx8glfwbvnrvwa-bundler-2.6.9"
        },
        "x86_64-linux": {
          "outputs": [
            {
              "name": "out",
              "path": "/nix/store/zblmxgh831kk1dyvi3vnlg4xkv1s691f-bundler-2.6.9",
              "default": true
            }
          ],
          "store_path": "/nix/store/zblmxgh831kk1dyvi3vnlg4xkv1s691f-bundler-2.6.9"
        }
      }
    },
    "github:NixOS/nixpkgs/nixpkgs-unstable": {
      "last_modified": "2025-10-28T12:57:11Z",
      "resolved": "github:NixOS/nixpkgs/e99366c665bdd53b7b500ccdc5226675cfc51f45?lastModified=1761656231&narHash=sha256-EiED5k6gXTWoAIS8yQqi5mAX6ojnzpHwAQTS3ykeYMg%3D"
    },
    "ruby@latest": {
      "last_modified": "2025-10-09T02:37:25Z",
      "plugin_version": "0.0.2",
      "resolved": "github:NixOS/nixpkgs/2dad7af78a183b6c486702c18af8a9544f298377#ruby_3_4",
      "source": "devbox-search",
      "version": "3.4.7",
      "systems": {
        "aarch64-darwin": {
          "outputs": [
            {
              "name": "out",
              "path": "/nix/store/apawwv6ln4qlhar4x31hk83x35d88d4n-ruby-3.4.7",
              "default": true
            },
            {
              "name": "devdoc",
              "path": "/nix/store/hwsjj4lwr4j6i4s71kgn82pq3wqdyk84-ruby-3.4.7-devdoc"
            }
          ],
          "store_path": "/nix/store/apawwv6ln4qlhar4x31hk83x35d88d4n-ruby-3.4.7"
        },
        "aarch64-linux": {
          "outputs": [
            {
              "name": "out",
              "path": "/nix/store/wxx9v5gnz8nm8rwzy6snbkrbf859j0dp-ruby-3.4.7",
              "default": true
            },
            {
              "name": "devdoc",
              "path": "/nix/store/iij6p6v02ffajhy821hz48q24a5rzc0i-ruby-3.4.7-devdoc"
            }
          ],
          "store_path": "/nix/store/wxx9v5gnz8nm8rwzy6snbkrbf859j0dp-ruby-3.4.7"
        },
        "x86_64-darwin": {
          "outputs": [
            {
              "name": "out",
              "path": "/nix/store/8qdy0dzskl8n46ywhmirkmhlrvsshc76-ruby-3.4.7",
              "default": true
            },
            {
              "name": "devdoc",
              "path": "/nix/store/9wlpxwwrxs3bw9aqyl80sr4kvsrpvxan-ruby-3.4.7-devdoc"
            }
          ],
          "store_path": "/nix/store/8qdy0dzskl8n46ywhmirkmhlrvsshc76-ruby-3.4.7"
        },
        "x86_64-linux": {
          "outputs": [
            {
              "name": "out",
              "path": "/nix/store/lgf2l2wkr5845485qw254skgc0bdvbnc-ruby-3.4.7",
              "default": true
            },
            {
              "name": "devdoc",
              "path": "/nix/store/shxiyxnzkw8wk1xm1v7l2n61w9wpxqkm-ruby-3.4.7-devdoc"
            }
          ],
          "store_path": "/nix/store/lgf2l2wkr5845485qw254skgc0bdvbnc-ruby-3.4.7"
        }
      }
    },
    "which@latest": {
      "last_modified": "2025-10-07T08:41:47Z",
      "resolved": "github:NixOS/nixpkgs/bce5fe2bb998488d8e7e7856315f90496723793c#which",
      "source": "devbox-search",
      "version": "2.23",
      "systems": {
        "aarch64-darwin": {
          "outputs": [
            {
              "name": "out",
              "path": "/nix/store/9dzzc86rzmdpcyr0w1qcc7fyh3gd18xc-which-2.23",
              "default": true
            }
          ],
          "store_path": "/nix/store/9dzzc86rzmdpcyr0w1qcc7fyh3gd18xc-which-2.23"
        },
        "aarch64-linux": {
          "outputs": [
            {
              "name": "out",
              "path": "/nix/store/w4c37ip1jsgs3afqjqxkkffdfl33kvnd-which-2.23",
              "default": true
            }
          ],
          "store_path": "/nix/store/w4c37ip1jsgs3afqjqxkkffdfl33kvnd-which-2.23"
        },
        "x86_64-darwin": {
          "outputs": [
            {
              "name": "out",
              "path": "/nix/store/r6q7rghgxks4yq0jp1l5f873lfcyiyq1-which-2.23",
              "default": true
            }
          ],
          "store_path": "/nix/store/r6q7rghgxks4yq0jp1l5f873lfcyiyq1-which-2.23"
        },
        "x86_64-linux": {
          "outputs": [
            {
              "name": "out",
              "path": "/nix/store/0h6bql93as9r3jvwb8d3rq48jm77ymll-which-2.23",
              "default": true
            }
          ],
          "store_path": "/nix/store/0h6bql93as9r3jvwb8d3rq48jm77ymll-which-2.23"
        }
      }
    }
  }
}
